// !$*UTF8*$!
{
	archiveVersion = 1;
	classes = {
	};
	objectVersion = 55;
	objects = {

/* Begin PBXBuildFile section */
		F95785E1270D955000E2DF6A /* Main.storyboard in Resources */ = {isa = PBXBuildFile; fileRef = F95785DF270D955000E2DF6A /* Main.storyboard */; };
		F95785E6270D955900E2DF6A /* LaunchScreen.storyboard in Resources */ = {isa = PBXBuildFile; fileRef = F95785E4270D955900E2DF6A /* LaunchScreen.storyboard */; };
		F95785F1270D955A00E2DF6A /* FirstTests.swift in Sources */ = {isa = PBXBuildFile; fileRef = F95785F0270D955A00E2DF6A /* FirstTests.swift */; };
		F95785FB270D955A00E2DF6A /* FirstUITests.swift in Sources */ = {isa = PBXBuildFile; fileRef = F95785FA270D955A00E2DF6A /* FirstUITests.swift */; };
		F95785FD270D955A00E2DF6A /* FirstUITestsLaunchTests.swift in Sources */ = {isa = PBXBuildFile; fileRef = F95785FC270D955A00E2DF6A /* FirstUITestsLaunchTests.swift */; };
		F96DEC8C2715AD840040B090 /* ViewModel.swift in Sources */ = {isa = PBXBuildFile; fileRef = F96DEC8B2715AD550040B090 /* ViewModel.swift */; };
		F96DEC8F2715AFDC0040B090 /* AppDelegate.swift in Sources */ = {isa = PBXBuildFile; fileRef = F96DEC8E2715AFDC0040B090 /* AppDelegate.swift */; };
		F96DEC932715B0890040B090 /* SecondVC.swift in Sources */ = {isa = PBXBuildFile; fileRef = F96DEC922715B0880040B090 /* SecondVC.swift */; };
		F96DEC952715B08C0040B090 /* ViewController.swift in Sources */ = {isa = PBXBuildFile; fileRef = F96DEC942715B08C0040B090 /* ViewController.swift */; };
/* End PBXBuildFile section */

/* Begin PBXContainerItemProxy section */
		F95785ED270D955A00E2DF6A /* PBXContainerItemProxy */ = {
			isa = PBXContainerItemProxy;
			containerPortal = F95785CE270D954F00E2DF6A /* Project object */;
			proxyType = 1;
			remoteGlobalIDString = F95785D5270D955000E2DF6A;
			remoteInfo = First;
		};
		F95785F7270D955A00E2DF6A /* PBXContainerItemProxy */ = {
			isa = PBXContainerItemProxy;
			containerPortal = F95785CE270D954F00E2DF6A /* Project object */;
			proxyType = 1;
			remoteGlobalIDString = F95785D5270D955000E2DF6A;
			remoteInfo = First;
		};
/* End PBXContainerItemProxy section */

/* Begin PBXFileReference section */
		F95785D6270D955000E2DF6A /* First.app */ = {isa = PBXFileReference; explicitFileType = wrapper.application; includeInIndex = 0; path = First.app; sourceTree = BUILT_PRODUCTS_DIR; };
		F95785E0270D955000E2DF6A /* Base */ = {isa = PBXFileReference; lastKnownFileType = file.storyboard; name = Base; path = Base.lproj/Main.storyboard; sourceTree = "<group>"; };
		F95785E5270D955900E2DF6A /* Base */ = {isa = PBXFileReference; lastKnownFileType = file.storyboard; name = Base; path = Base.lproj/LaunchScreen.storyboard; sourceTree = "<group>"; };
		F95785EC270D955A00E2DF6A /* FirstTests.xctest */ = {isa = PBXFileReference; explicitFileType = wrapper.cfbundle; includeInIndex = 0; path = FirstTests.xctest; sourceTree = BUILT_PRODUCTS_DIR; };
		F95785F0270D955A00E2DF6A /* FirstTests.swift */ = {isa = PBXFileReference; lastKnownFileType = sourcecode.swift; path = FirstTests.swift; sourceTree = "<group>"; };
		F95785F6270D955A00E2DF6A /* FirstUITests.xctest */ = {isa = PBXFileReference; explicitFileType = wrapper.cfbundle; includeInIndex = 0; path = FirstUITests.xctest; sourceTree = BUILT_PRODUCTS_DIR; };
		F95785FA270D955A00E2DF6A /* FirstUITests.swift */ = {isa = PBXFileReference; lastKnownFileType = sourcecode.swift; path = FirstUITests.swift; sourceTree = "<group>"; };
		F95785FC270D955A00E2DF6A /* FirstUITestsLaunchTests.swift */ = {isa = PBXFileReference; lastKnownFileType = sourcecode.swift; path = FirstUITestsLaunchTests.swift; sourceTree = "<group>"; };
		F96DEC8B2715AD550040B090 /* ViewModel.swift */ = {isa = PBXFileReference; lastKnownFileType = sourcecode.swift; path = ViewModel.swift; sourceTree = "<group>"; };
		F96DEC8E2715AFDC0040B090 /* AppDelegate.swift */ = {isa = PBXFileReference; lastKnownFileType = sourcecode.swift; path = AppDelegate.swift; sourceTree = "<group>"; };
		F96DEC902715AFDF0040B090 /* Assets.xcassets */ = {isa = PBXFileReference; lastKnownFileType = folder.assetcatalog; path = Assets.xcassets; sourceTree = "<group>"; };
		F96DEC912715AFED0040B090 /* Info.plist */ = {isa = PBXFileReference; lastKnownFileType = text.plist.xml; path = Info.plist; sourceTree = "<group>"; };
		F96DEC922715B0880040B090 /* SecondVC.swift */ = {isa = PBXFileReference; lastKnownFileType = sourcecode.swift; path = SecondVC.swift; sourceTree = "<group>"; };
		F96DEC942715B08C0040B090 /* ViewController.swift */ = {isa = PBXFileReference; lastKnownFileType = sourcecode.swift; path = ViewController.swift; sourceTree = "<group>"; };
/* End PBXFileReference section */

/* Begin PBXFrameworksBuildPhase section */
		F95785D3270D955000E2DF6A /* Frameworks */ = {
			isa = PBXFrameworksBuildPhase;
			buildActionMask = 2147483647;
			files = (
			);
			runOnlyForDeploymentPostprocessing = 0;
		};
		F95785E9270D955A00E2DF6A /* Frameworks */ = {
			isa = PBXFrameworksBuildPhase;
			buildActionMask = 2147483647;
			files = (
			);
			runOnlyForDeploymentPostprocessing = 0;
		};
		F95785F3270D955A00E2DF6A /* Frameworks */ = {
			isa = PBXFrameworksBuildPhase;
			buildActionMask = 2147483647;
			files = (
			);
			runOnlyForDeploymentPostprocessing = 0;
		};
/* End PBXFrameworksBuildPhase section */

/* Begin PBXGroup section */
		F95785CD270D954F00E2DF6A = {
			isa = PBXGroup;
			children = (
				F95785D8270D955000E2DF6A /* First */,
				F95785EF270D955A00E2DF6A /* FirstTests */,
				F95785F9270D955A00E2DF6A /* FirstUITests */,
				F95785D7270D955000E2DF6A /* Products */,
			);
			sourceTree = "<group>";
		};
		F95785D7270D955000E2DF6A /* Products */ = {
			isa = PBXGroup;
			children = (
				F95785D6270D955000E2DF6A /* First.app */,
				F95785EC270D955A00E2DF6A /* FirstTests.xctest */,
				F95785F6270D955A00E2DF6A /* FirstUITests.xctest */,
			);
			name = Products;
			sourceTree = "<group>";
		};
		F95785D8270D955000E2DF6A /* First */ = {
			isa = PBXGroup;
			children = (
				F95A74532715B7F900AA0926 /* View */,
				F95A74512715B79100AA0926 /* Controll */,
				F96DEC8B2715AD550040B090 /* ViewModel.swift */,
				F95A74542715B82000AA0926 /* Sources */,
				F96DEC912715AFED0040B090 /* Info.plist */,
			);
			path = First;
			sourceTree = "<group>";
		};
		F95785EF270D955A00E2DF6A /* FirstTests */ = {
			isa = PBXGroup;
			children = (
				F95785F0270D955A00E2DF6A /* FirstTests.swift */,
			);
			path = FirstTests;
			sourceTree = "<group>";
		};
		F95785F9270D955A00E2DF6A /* FirstUITests */ = {
			isa = PBXGroup;
			children = (
				F95785FA270D955A00E2DF6A /* FirstUITests.swift */,
				F95785FC270D955A00E2DF6A /* FirstUITestsLaunchTests.swift */,
			);
			path = FirstUITests;
			sourceTree = "<group>";
		};
		F95A74512715B79100AA0926 /* Controll */ = {
			isa = PBXGroup;
			children = (
				F96DEC922715B0880040B090 /* SecondVC.swift */,
				F96DEC942715B08C0040B090 /* ViewController.swift */,
			);
			path = Controll;
			sourceTree = "<group>";
		};
		F95A74532715B7F900AA0926 /* View */ = {
			isa = PBXGroup;
			children = (
				F95785DF270D955000E2DF6A /* Main.storyboard */,
				F95785E4270D955900E2DF6A /* LaunchScreen.storyboard */,
			);
			path = View;
			sourceTree = "<group>";
		};
		F95A74542715B82000AA0926 /* Sources */ = {
			isa = PBXGroup;
			children = (
				F96DEC902715AFDF0040B090 /* Assets.xcassets */,
				F96DEC8E2715AFDC0040B090 /* AppDelegate.swift */,
			);
			path = Sources;
			sourceTree = "<group>";
		};
/* End PBXGroup section */

/* Begin PBXNativeTarget section */
		F95785D5270D955000E2DF6A /* First */ = {
			isa = PBXNativeTarget;
			buildConfigurationList = F9578600270D955A00E2DF6A /* Build configuration list for PBXNativeTarget "First" */;
			buildPhases = (
				F95785D2270D955000E2DF6A /* Sources */,
				F95785D3270D955000E2DF6A /* Frameworks */,
				F95785D4270D955000E2DF6A /* Resources */,
			);
			buildRules = (
			);
			dependencies = (
			);
			name = First;
			productName = First;
			productReference = F95785D6270D955000E2DF6A /* First.app */;
			productType = "com.apple.product-type.application";
		};
		F95785EB270D955A00E2DF6A /* FirstTests */ = {
			isa = PBXNativeTarget;
			buildConfigurationList = F9578603270D955A00E2DF6A /* Build configuration list for PBXNativeTarget "FirstTests" */;
			buildPhases = (
				F95785E8270D955A00E2DF6A /* Sources */,
				F95785E9270D955A00E2DF6A /* Frameworks */,
				F95785EA270D955A00E2DF6A /* Resources */,
			);
			buildRules = (
			);
			dependencies = (
				F95785EE270D955A00E2DF6A /* PBXTargetDependency */,
			);
			name = FirstTests;
			productName = FirstTests;
			productReference = F95785EC270D955A00E2DF6A /* FirstTests.xctest */;
			productType = "com.apple.product-type.bundle.unit-test";
		};
		F95785F5270D955A00E2DF6A /* FirstUITests */ = {
			isa = PBXNativeTarget;
			buildConfigurationList = F9578606270D955A00E2DF6A /* Build configuration list for PBXNativeTarget "FirstUITests" */;
			buildPhases = (
				F95785F2270D955A00E2DF6A /* Sources */,
				F95785F3270D955A00E2DF6A /* Frameworks */,
				F95785F4270D955A00E2DF6A /* Resources */,
			);
			buildRules = (
			);
			dependencies = (
				F95785F8270D955A00E2DF6A /* PBXTargetDependency */,
			);
			name = FirstUITests;
			productName = FirstUITests;
			productReference = F95785F6270D955A00E2DF6A /* FirstUITests.xctest */;
			productType = "com.apple.product-type.bundle.ui-testing";
		};
/* End PBXNativeTarget section */

/* Begin PBXProject section */
		F95785CE270D954F00E2DF6A /* Project object */ = {
			isa = PBXProject;
			attributes = {
				BuildIndependentTargetsInParallel = 1;
				LastSwiftUpdateCheck = 1300;
				LastUpgradeCheck = 1300;
				TargetAttributes = {
					F95785D5270D955000E2DF6A = {
						CreatedOnToolsVersion = 13.0;
					};
					F95785EB270D955A00E2DF6A = {
						CreatedOnToolsVersion = 13.0;
						TestTargetID = F95785D5270D955000E2DF6A;
					};
					F95785F5270D955A00E2DF6A = {
						CreatedOnToolsVersion = 13.0;
						TestTargetID = F95785D5270D955000E2DF6A;
					};
				};
			};
			buildConfigurationList = F95785D1270D954F00E2DF6A /* Build configuration list for PBXProject "First" */;
			compatibilityVersion = "Xcode 13.0";
			developmentRegion = en;
			hasScannedForEncodings = 0;
			knownRegions = (
				en,
				Base,
			);
			mainGroup = F95785CD270D954F00E2DF6A;
			productRefGroup = F95785D7270D955000E2DF6A /* Products */;
			projectDirPath = "";
			projectRoot = "";
			targets = (
				F95785D5270D955000E2DF6A /* First */,
				F95785EB270D955A00E2DF6A /* FirstTests */,
				F95785F5270D955A00E2DF6A /* FirstUITests */,
			);
		};
/* End PBXProject section */

/* Begin PBXResourcesBuildPhase section */
		F95785D4270D955000E2DF6A /* Resources */ = {
			isa = PBXResourcesBuildPhase;
			buildActionMask = 2147483647;
			files = (
				F95785E6270D955900E2DF6A /* LaunchScreen.storyboard in Resources */,
				F95785E1270D955000E2DF6A /* Main.storyboard in Resources */,
			);
			runOnlyForDeploymentPostprocessing = 0;
		};
		F95785EA270D955A00E2DF6A /* Resources */ = {
			isa = PBXResourcesBuildPhase;
			buildActionMask = 2147483647;
			files = (
			);
			runOnlyForDeploymentPostprocessing = 0;
		};
		F95785F4270D955A00E2DF6A /* Resources */ = {
			isa = PBXResourcesBuildPhase;
			buildActionMask = 2147483647;
			files = (
			);
			runOnlyForDeploymentPostprocessing = 0;
		};
/* End PBXResourcesBuildPhase section */

/* Begin PBXSourcesBuildPhase section */
		F95785D2270D955000E2DF6A /* Sources */ = {
			isa = PBXSourcesBuildPhase;
			buildActionMask = 2147483647;
			files = (
				F96DEC8F2715AFDC0040B090 /* AppDelegate.swift in Sources */,
				F96DEC932715B0890040B090 /* SecondVC.swift in Sources */,
				F96DEC952715B08C0040B090 /* ViewController.swift in Sources */,
				F96DEC8C2715AD840040B090 /* ViewModel.swift in Sources */,
			);
			runOnlyForDeploymentPostprocessing = 0;
		};
		F95785E8270D955A00E2DF6A /* Sources */ = {
			isa = PBXSourcesBuildPhase;
			buildActionMask = 2147483647;
			files = (
				F95785F1270D955A00E2DF6A /* FirstTests.swift in Sources */,
			);
			runOnlyForDeploymentPostprocessing = 0;
		};
		F95785F2270D955A00E2DF6A /* Sources */ = {
			isa = PBXSourcesBuildPhase;
			buildActionMask = 2147483647;
			files = (
				F95785FB270D955A00E2DF6A /* FirstUITests.swift in Sources */,
				F95785FD270D955A00E2DF6A /* FirstUITestsLaunchTests.swift in Sources */,
			);
			runOnlyForDeploymentPostprocessing = 0;
		};
/* End PBXSourcesBuildPhase section */

/* Begin PBXTargetDependency section */
		F95785EE270D955A00E2DF6A /* PBXTargetDependency */ = {
			isa = PBXTargetDependency;
			target = F95785D5270D955000E2DF6A /* First */;
			targetProxy = F95785ED270D955A00E2DF6A /* PBXContainerItemProxy */;
		};
		F95785F8270D955A00E2DF6A /* PBXTargetDependency */ = {
			isa = PBXTargetDependency;
			target = F95785D5270D955000E2DF6A /* First */;
			targetProxy = F95785F7270D955A00E2DF6A /* PBXContainerItemProxy */;
		};
/* End PBXTargetDependency section */

/* Begin PBXVariantGroup section */
		F95785DF270D955000E2DF6A /* Main.storyboard */ = {
			isa = PBXVariantGroup;
			children = (
				F95785E0270D955000E2DF6A /* Base */,
			);
			name = Main.storyboard;
			sourceTree = "<group>";
		};
		F95785E4270D955900E2DF6A /* LaunchScreen.storyboard */ = {
			isa = PBXVariantGroup;
			children = (
				F95785E5270D955900E2DF6A /* Base */,
			);
			name = LaunchScreen.storyboard;
			sourceTree = "<group>";
		};
/* End PBXVariantGroup section */

/* Begin XCBuildConfiguration section */
		F95785FE270D955A00E2DF6A /* Debug */ = {
			isa = XCBuildConfiguration;
			buildSettings = {
				ALWAYS_SEARCH_USER_PATHS = NO;
				CLANG_ANALYZER_NONNULL = YES;
				CLANG_ANALYZER_NUMBER_OBJECT_CONVERSION = YES_AGGRESSIVE;
				CLANG_CXX_LANGUAGE_STANDARD = "gnu++17";
				CLANG_CXX_LIBRARY = "libc++";
				CLANG_ENABLE_MODULES = YES;
				CLANG_ENABLE_OBJC_ARC = YES;
				CLANG_ENABLE_OBJC_WEAK = YES;
				CLANG_WARN_BLOCK_CAPTURE_AUTORELEASING = YES;
				CLANG_WARN_BOOL_CONVERSION = YES;
				CLANG_WARN_COMMA = YES;
				CLANG_WARN_CONSTANT_CONVERSION = YES;
				CLANG_WARN_DEPRECATED_OBJC_IMPLEMENTATIONS = YES;
				CLANG_WARN_DIRECT_OBJC_ISA_USAGE = YES_ERROR;
				CLANG_WARN_DOCUMENTATION_COMMENTS = YES;
				CLANG_WARN_EMPTY_BODY = YES;
				CLANG_WARN_ENUM_CONVERSION = YES;
				CLANG_WARN_INFINITE_RECURSION = YES;
				CLANG_WARN_INT_CONVERSION = YES;
				CLANG_WARN_NON_LITERAL_NULL_CONVERSION = YES;
				CLANG_WARN_OBJC_IMPLICIT_RETAIN_SELF = YES;
				CLANG_WARN_OBJC_LITERAL_CONVERSION = YES;
				CLANG_WARN_OBJC_ROOT_CLASS = YES_ERROR;
				CLANG_WARN_QUOTED_INCLUDE_IN_FRAMEWORK_HEADER = YES;
				CLANG_WARN_RANGE_LOOP_ANALYSIS = YES;
				CLANG_WARN_STRICT_PROTOTYPES = YES;
				CLANG_WARN_SUSPICIOUS_MOVE = YES;
				CLANG_WARN_UNGUARDED_AVAILABILITY = YES_AGGRESSIVE;
				CLANG_WARN_UNREACHABLE_CODE = YES;
				CLANG_WARN__DUPLICATE_METHOD_MATCH = YES;
				COPY_PHASE_STRIP = NO;
				DEBUG_INFORMATION_FORMAT = dwarf;
				ENABLE_STRICT_OBJC_MSGSEND = YES;
				ENABLE_TESTABILITY = YES;
				GCC_C_LANGUAGE_STANDARD = gnu11;
				GCC_DYNAMIC_NO_PIC = NO;
				GCC_NO_COMMON_BLOCKS = YES;
				GCC_OPTIMIZATION_LEVEL = 0;
				GCC_PREPROCESSOR_DEFINITIONS = (
					"DEBUG=1",
					"$(inherited)",
				);
				GCC_WARN_64_TO_32_BIT_CONVERSION = YES;
				GCC_WARN_ABOUT_RETURN_TYPE = YES_ERROR;
				GCC_WARN_UNDECLARED_SELECTOR = YES;
				GCC_WARN_UNINITIALIZED_AUTOS = YES_AGGRESSIVE;
				GCC_WARN_UNUSED_FUNCTION = YES;
				GCC_WARN_UNUSED_VARIABLE = YES;
				IPHONEOS_DEPLOYMENT_TARGET = 15.0;
				MTL_ENABLE_DEBUG_INFO = INCLUDE_SOURCE;
				MTL_FAST_MATH = YES;
				ONLY_ACTIVE_ARCH = YES;
				SDKROOT = iphoneos;
				SWIFT_ACTIVE_COMPILATION_CONDITIONS = DEBUG;
				SWIFT_OPTIMIZATION_LEVEL = "-Onone";
			};
			name = Debug;
		};
		F95785FF270D955A00E2DF6A /* Release */ = {
			isa = XCBuildConfiguration;
			buildSettings = {
				ALWAYS_SEARCH_USER_PATHS = NO;
				CLANG_ANALYZER_NONNULL = YES;
				CLANG_ANALYZER_NUMBER_OBJECT_CONVERSION = YES_AGGRESSIVE;
				CLANG_CXX_LANGUAGE_STANDARD = "gnu++17";
				CLANG_CXX_LIBRARY = "libc++";
				CLANG_ENABLE_MODULES = YES;
				CLANG_ENABLE_OBJC_ARC = YES;
				CLANG_ENABLE_OBJC_WEAK = YES;
				CLANG_WARN_BLOCK_CAPTURE_AUTORELEASING = YES;
				CLANG_WARN_BOOL_CONVERSION = YES;
				CLANG_WARN_COMMA = YES;
				CLANG_WARN_CONSTANT_CONVERSION = YES;
				CLANG_WARN_DEPRECATED_OBJC_IMPLEMENTATIONS = YES;
				CLANG_WARN_DIRECT_OBJC_ISA_USAGE = YES_ERROR;
				CLANG_WARN_DOCUMENTATION_COMMENTS = YES;
				CLANG_WARN_EMPTY_BODY = YES;
				CLANG_WARN_ENUM_CONVERSION = YES;
				CLANG_WARN_INFINITE_RECURSION = YES;
				CLANG_WARN_INT_CONVERSION = YES;
				CLANG_WARN_NON_LITERAL_NULL_CONVERSION = YES;
				CLANG_WARN_OBJC_IMPLICIT_RETAIN_SELF = YES;
				CLANG_WARN_OBJC_LITERAL_CONVERSION = YES;
				CLANG_WARN_OBJC_ROOT_CLASS = YES_ERROR;
				CLANG_WARN_QUOTED_INCLUDE_IN_FRAMEWORK_HEADER = YES;
				CLANG_WARN_RANGE_LOOP_ANALYSIS = YES;
				CLANG_WARN_STRICT_PROTOTYPES = YES;
				CLANG_WARN_SUSPICIOUS_MOVE = YES;
				CLANG_WARN_UNGUARDED_AVAILABILITY = YES_AGGRESSIVE;
				CLANG_WARN_UNREACHABLE_CODE = YES;
				CLANG_WARN__DUPLICATE_METHOD_MATCH = YES;
				COPY_PHASE_STRIP = NO;
				DEBUG_INFORMATION_FORMAT = "dwarf-with-dsym";
				ENABLE_NS_ASSERTIONS = NO;
				ENABLE_STRICT_OBJC_MSGSEND = YES;
				GCC_C_LANGUAGE_STANDARD = gnu11;
				GCC_NO_COMMON_BLOCKS = YES;
				GCC_WARN_64_TO_32_BIT_CONVERSION = YES;
				GCC_WARN_ABOUT_RETURN_TYPE = YES_ERROR;
				GCC_WARN_UNDECLARED_SELECTOR = YES;
				GCC_WARN_UNINITIALIZED_AUTOS = YES_AGGRESSIVE;
				GCC_WARN_UNUSED_FUNCTION = YES;
				GCC_WARN_UNUSED_VARIABLE = YES;
				IPHONEOS_DEPLOYMENT_TARGET = 15.0;
				MTL_ENABLE_DEBUG_INFO = NO;
				MTL_FAST_MATH = YES;
				SDKROOT = iphoneos;
				SWIFT_COMPILATION_MODE = wholemodule;
				SWIFT_OPTIMIZATION_LEVEL = "-O";
				VALIDATE_PRODUCT = YES;
			};
			name = Release;
		};
		F9578601270D955A00E2DF6A /* Debug */ = {
			isa = XCBuildConfiguration;
			buildSettings = {
				ASSETCATALOG_COMPILER_GLOBAL_ACCENT_COLOR_NAME = AccentColor;
				CODE_SIGN_STYLE = Automatic;
				CURRENT_PROJECT_VERSION = 1;
				DEVELOPMENT_TEAM = FBCLB3AG6X;
				GENERATE_INFOPLIST_FILE = YES;
				INFOPLIST_FILE = First/Info.plist;
				INFOPLIST_KEY_CFBundleDisplayName = MagicBall;
				INFOPLIST_KEY_UIApplicationSupportsIndirectInputEvents = YES;
				INFOPLIST_KEY_UILaunchStoryboardName = LaunchScreen;
				INFOPLIST_KEY_UIMainStoryboardFile = Main;
				INFOPLIST_KEY_UISupportedInterfaceOrientations = UIInterfaceOrientationPortrait;
				INFOPLIST_KEY_UISupportedInterfaceOrientations_iPad = "UIInterfaceOrientationPortrait UIInterfaceOrientationPortraitUpsideDown UIInterfaceOrientationLandscapeLeft UIInterfaceOrientationLandscapeRight";
				INFOPLIST_KEY_UISupportedInterfaceOrientations_iPhone = "UIInterfaceOrientationPortrait UIInterfaceOrientationLandscapeLeft UIInterfaceOrientationLandscapeRight";
				IPHONEOS_DEPLOYMENT_TARGET = 14.0;
				LD_RUNPATH_SEARCH_PATHS = (
					"$(inherited)",
					"@executable_path/Frameworks",
				);
				MARKETING_VERSION = 1.0;
				PRODUCT_BUNDLE_IDENTIFIER = Vovik.First;
				PRODUCT_NAME = "$(TARGET_NAME)";
				SWIFT_EMIT_LOC_STRINGS = YES;
				SWIFT_VERSION = 5.0;
				TARGETED_DEVICE_FAMILY = 1;
			};
			name = Debug;
		};
		F9578602270D955A00E2DF6A /* Release */ = {
			isa = XCBuildConfiguration;
			buildSettings = {
				ASSETCATALOG_COMPILER_GLOBAL_ACCENT_COLOR_NAME = AccentColor;
				CODE_SIGN_STYLE = Automatic;
				CURRENT_PROJECT_VERSION = 1;
				DEVELOPMENT_TEAM = FBCLB3AG6X;
				GENERATE_INFOPLIST_FILE = YES;
				INFOPLIST_FILE = First/Info.plist;
				INFOPLIST_KEY_CFBundleDisplayName = MagicBall;
				INFOPLIST_KEY_UIApplicationSupportsIndirectInputEvents = YES;
				INFOPLIST_KEY_UILaunchStoryboardName = LaunchScreen;
				INFOPLIST_KEY_UIMainStoryboardFile = Main;
				INFOPLIST_KEY_UISupportedInterfaceOrientations = UIInterfaceOrientationPortrait;
				INFOPLIST_KEY_UISupportedInterfaceOrientations_iPad = "UIInterfaceOrientationPortrait UIInterfaceOrientationPortraitUpsideDown UIInterfaceOrientationLandscapeLeft UIInterfaceOrientationLandscapeRight";
				INFOPLIST_KEY_UISupportedInterfaceOrientations_iPhone = "UIInterfaceOrientationPortrait UIInterfaceOrientationLandscapeLeft UIInterfaceOrientationLandscapeRight";
				IPHONEOS_DEPLOYMENT_TARGET = 14.0;
				LD_RUNPATH_SEARCH_PATHS = (
					"$(inherited)",
					"@executable_path/Frameworks",
				);
				MARKETING_VERSION = 1.0;
				PRODUCT_BUNDLE_IDENTIFIER = Vovik.First;
				PRODUCT_NAME = "$(TARGET_NAME)";
				SWIFT_EMIT_LOC_STRINGS = YES;
				SWIFT_VERSION = 5.0;
				TARGETED_DEVICE_FAMILY = 1;
			};
			name = Release;
		};
		F9578604270D955A00E2DF6A /* Debug */ = {
			isa = XCBuildConfiguration;
			buildSettings = {
				ALWAYS_EMBED_SWIFT_STANDARD_LIBRARIES = YES;
				BUNDLE_LOADER = "$(TEST_HOST)";
				CODE_SIGN_STYLE = Automatic;
				CURRENT_PROJECT_VERSION = 1;
				GENERATE_INFOPLIST_FILE = YES;
				IPHONEOS_DEPLOYMENT_TARGET = 15.0;
				LD_RUNPATH_SEARCH_PATHS = (
					"$(inherited)",
					"@executable_path/Frameworks",
					"@loader_path/Frameworks",
				);
				MARKETING_VERSION = 1.0;
				PRODUCT_BUNDLE_IDENTIFIER = Vovik.FirstTests;
				PRODUCT_NAME = "$(TARGET_NAME)";
				SWIFT_EMIT_LOC_STRINGS = NO;
				SWIFT_VERSION = 5.0;
				TARGETED_DEVICE_FAMILY = "1,2";
				TEST_HOST = "$(BUILT_PRODUCTS_DIR)/First.app/First";
			};
			name = Debug;
		};
		F9578605270D955A00E2DF6A /* Release */ = {
			isa = XCBuildConfiguration;
			buildSettings = {
				ALWAYS_EMBED_SWIFT_STANDARD_LIBRARIES = YES;
				BUNDLE_LOADER = "$(TEST_HOST)";
				CODE_SIGN_STYLE = Automatic;
				CURRENT_PROJECT_VERSION = 1;
				GENERATE_INFOPLIST_FILE = YES;
				IPHONEOS_DEPLOYMENT_TARGET = 15.0;
				LD_RUNPATH_SEARCH_PATHS = (
					"$(inherited)",
					"@executable_path/Frameworks",
					"@loader_path/Frameworks",
				);
				MARKETING_VERSION = 1.0;
				PRODUCT_BUNDLE_IDENTIFIER = Vovik.FirstTests;
				PRODUCT_NAME = "$(TARGET_NAME)";
				SWIFT_EMIT_LOC_STRINGS = NO;
				SWIFT_VERSION = 5.0;
				TARGETED_DEVICE_FAMILY = "1,2";
				TEST_HOST = "$(BUILT_PRODUCTS_DIR)/First.app/First";
			};
			name = Release;
		};
		F9578607270D955A00E2DF6A /* Debug */ = {
			isa = XCBuildConfiguration;
			buildSettings = {
				ALWAYS_EMBED_SWIFT_STANDARD_LIBRARIES = YES;
				CODE_SIGN_STYLE = Automatic;
				CURRENT_PROJECT_VERSION = 1;
				GENERATE_INFOPLIST_FILE = YES;
				LD_RUNPATH_SEARCH_PATHS = (
					"$(inherited)",
					"@executable_path/Frameworks",
					"@loader_path/Frameworks",
				);
				MARKETING_VERSION = 1.0;
				PRODUCT_BUNDLE_IDENTIFIER = Vovik.FirstUITests;
				PRODUCT_NAME = "$(TARGET_NAME)";
				SWIFT_EMIT_LOC_STRINGS = NO;
				SWIFT_VERSION = 5.0;
				TARGETED_DEVICE_FAMILY = "1,2";
				TEST_TARGET_NAME = First;
			};
			name = Debug;
		};
		F9578608270D955A00E2DF6A /* Release */ = {
			isa = XCBuildConfiguration;
			buildSettings = {
				ALWAYS_EMBED_SWIFT_STANDARD_LIBRARIES = YES;
				CODE_SIGN_STYLE = Automatic;
				CURRENT_PROJECT_VERSION = 1;
				GENERATE_INFOPLIST_FILE = YES;
				LD_RUNPATH_SEARCH_PATHS = (
					"$(inherited)",
					"@executable_path/Frameworks",
					"@loader_path/Frameworks",
				);
				MARKETING_VERSION = 1.0;
				PRODUCT_BUNDLE_IDENTIFIER = Vovik.FirstUITests;
				PRODUCT_NAME = "$(TARGET_NAME)";
				SWIFT_EMIT_LOC_STRINGS = NO;
				SWIFT_VERSION = 5.0;
				TARGETED_DEVICE_FAMILY = "1,2";
				TEST_TARGET_NAME = First;
			};
			name = Release;
		};
/* End XCBuildConfiguration section */

/* Begin XCConfigurationList section */
		F95785D1270D954F00E2DF6A /* Build configuration list for PBXProject "First" */ = {
			isa = XCConfigurationList;
			buildConfigurations = (
				F95785FE270D955A00E2DF6A /* Debug */,
				F95785FF270D955A00E2DF6A /* Release */,
			);
			defaultConfigurationIsVisible = 0;
			defaultConfigurationName = Release;
		};
		F9578600270D955A00E2DF6A /* Build configuration list for PBXNativeTarget "First" */ = {
			isa = XCConfigurationList;
			buildConfigurations = (
				F9578601270D955A00E2DF6A /* Debug */,
				F9578602270D955A00E2DF6A /* Release */,
			);
			defaultConfigurationIsVisible = 0;
			defaultConfigurationName = Release;
		};
		F9578603270D955A00E2DF6A /* Build configuration list for PBXNativeTarget "FirstTests" */ = {
			isa = XCConfigurationList;
			buildConfigurations = (
				F9578604270D955A00E2DF6A /* Debug */,
				F9578605270D955A00E2DF6A /* Release */,
			);
			defaultConfigurationIsVisible = 0;
			defaultConfigurationName = Release;
		};
		F9578606270D955A00E2DF6A /* Build configuration list for PBXNativeTarget "FirstUITests" */ = {
			isa = XCConfigurationList;
			buildConfigurations = (
				F9578607270D955A00E2DF6A /* Debug */,
				F9578608270D955A00E2DF6A /* Release */,
			);
			defaultConfigurationIsVisible = 0;
			defaultConfigurationName = Release;
		};
/* End XCConfigurationList section */
	};
	rootObject = F95785CE270D954F00E2DF6A /* Project object */;
}
